schema: '2.0'
stages:
  data_ingestion:
    cmd: python src/data/data_ingestion.py
    deps:
    - path: src/data/data_ingestion.py
      hash: md5
      md5: bea2c0dec8dbfcdea81d19b83fbecf55
      size: 3547
    params:
      params.yaml:
        data_ingestion.test_size: 0.2
    outs:
    - path: data/raw
      hash: md5
      md5: fb326d2eec197669f9638afde28356bf.dir
      size: 827973
      nfiles: 2
  data_preprocessing:
    cmd: python src/data/data_preprocessing.py
    deps:
    - path: data/raw
      hash: md5
      md5: fb326d2eec197669f9638afde28356bf.dir
      size: 827973
      nfiles: 2
    - path: src/data/data_preprocessing.py
      hash: md5
      md5: eb4ee690d23d660c8d621134581242c0
      size: 4016
    outs:
    - path: data/interim
      hash: md5
      md5: c52f2290e848623bebee2a4c7bcf41e3.dir
      size: 572633
      nfiles: 2
  feature_engineering:
    cmd: python src/features/feature_engineering.py
    deps:
    - path: data/interim
      hash: md5
      md5: c52f2290e848623bebee2a4c7bcf41e3.dir
      size: 572633
      nfiles: 2
    - path: src/features/feature_engineering.py
      hash: md5
      md5: ee7364499fef61b31e328cd8ca868314
      size: 3783
    params:
      params.yaml:
        feature_engineering.max_features: 50
    outs:
    - path: data/processed
      hash: md5
      md5: 4e9a7487d7d0e24ec8e418a9a4672782.dir
      size: 1068816
      nfiles: 2
  model_building:
    cmd: python src/model/model_building.py
    deps:
    - path: data/processed
      hash: md5
      md5: 4e9a7487d7d0e24ec8e418a9a4672782.dir
      size: 1068816
      nfiles: 2
    - path: src/model/model_building.py
      hash: md5
      md5: 117dafadaeddea8e1d80d09ed509f989
      size: 3081
    params:
      params.yaml:
        model_building.learning_rate: 0.1
        model_building.n_estimators: 25
    outs:
    - path: models/model.pkl
      hash: md5
      md5: e6ba07a91ffef93d418ae44d09e63fbc
      size: 37229
  model_evaluation:
    cmd: python src/model/model_evaluation.py
    deps:
    - path: models/model.pkl
      hash: md5
      md5: e6ba07a91ffef93d418ae44d09e63fbc
      size: 37229
    - path: src/model/model_evaluation.py
      hash: md5
      md5: 36d690adecba775257eaaf98333b56d9
      size: 3383
    outs:
    - path: reports/metrics.json
      hash: md5
      md5: ee0ed44578dccee375124fa068d92865
      size: 143
